
Microsoft Visual Studio Solution File, Format Version 12.00
# Visual Studio 15
VisualStudioVersion = 15.0.28307.705
MinimumVisualStudioVersion = 10.0.40219.1
Project("{FAE04EC0-301F-11D3-BF4B-00C04F79EFBC}") = "Excel_Task", "Excel_Task\Excel_Task.csproj", "{3E17CC02-79DE-47B8-A759-2F32A608053A}"
EndProject
Global
	GlobalSection(SolutionConfigurationPlatforms) = preSolution
		Debug|Any CPU = Debug|Any CPU
		Release|Any CPU = Release|Any CPU
	EndGlobalSection
	GlobalSection(ProjectConfigurationPlatforms) = postSolution
		{3E17CC02-79DE-47B8-A759-2F32A608053A}.Debug|Any CPU.ActiveCfg = Debug|Any CPU
		{3E17CC02-79DE-47B8-A759-2F32A608053A}.Debug|Any CPU.Build.0 = Debug|Any CPU
		{3E17CC02-79DE-47B8-A759-2F32A608053A}.Release|Any CPU.ActiveCfg = Release|Any CPU
		{3E17CC02-79DE-47B8-A759-2F32A608053A}.Release|Any CPU.Build.0 = Release|Any CPU
	EndGlobalSection
	GlobalSection(SolutionProperties) = preSolution
		HideSolutionNode = FALSE
	EndGlobalSection
	GlobalSection(ExtensibilityGlobals) = postSolution
		SolutionGuid = {258C34B8-943D-4364-AE37-1C9C0DA747D5}
	EndGlobalSection
EndGlobal
